
Microsoft Visual Studio Solution File, Format Version 12.00
# Visual Studio Version 17
VisualStudioVersion = 17.11.35219.272
MinimumVisualStudioVersion = 10.0.40219.1
Project("{9A19103F-16F7-4668-BE54-9A1E7A4F7556}") = "Cyh.Net", "Cyh.Net\Cyh.Net.csproj", "{AA29E990-B7AC-480F-BBE7-E0AE6404D393}"
EndProject
Project("{2150E333-8FDC-42A3-9474-1A3956D46DE8}") = "_Lib", "_Lib", "{2C2C90F6-3C82-48C5-913C-F300E887C395}"
EndProject
Project("{2150E333-8FDC-42A3-9474-1A3956D46DE8}") = "Project", "Project", "{673D2F3B-81ED-4693-A959-FA0AD60664AA}"
EndProject
Project("{9A19103F-16F7-4668-BE54-9A1E7A4F7556}") = "ImgRepo.Model", "ImgRepo.Model\ImgRepo.Model.csproj", "{4B6FE465-6823-4281-8051-DC4BD148F932}"
EndProject
Project("{9A19103F-16F7-4668-BE54-9A1E7A4F7556}") = "ImgRepo.Service", "ImgRepo.Service\ImgRepo.Service.csproj", "{E4F604B6-1964-424A-BD5C-EA1201814AEF}"
EndProject
Project("{9A19103F-16F7-4668-BE54-9A1E7A4F7556}") = "ImgRepo.Web", "ImgRepo.Web\ImgRepo.Web.csproj", "{07F10A53-DE9A-4C46-B3E2-07C2C73096BD}"
EndProject
Project("{9A19103F-16F7-4668-BE54-9A1E7A4F7556}") = "Cyh.Net.Data", "Cyh.Net.Data\Cyh.Net.Data.csproj", "{7E4B00DF-6AB4-4E5D-8832-01A6F80F2A41}"
EndProject
Project("{9A19103F-16F7-4668-BE54-9A1E7A4F7556}") = "ConsoleTest", "ConsoleTest\ConsoleTest.csproj", "{D25DCE0B-06A1-430A-A689-6D56B363949D}"
EndProject
Project("{8BC9CEB8-8B4A-11D0-8D11-00A0C91BC942}") = "ImageHelper", "ImageHelper\ImageHelper.vcxproj", "{EC202BC9-7E59-44A1-8F20-F0753D2EB817}"
EndProject
Project("{9A19103F-16F7-4668-BE54-9A1E7A4F7556}") = "ImgRepo.Data", "ImgRepo.Data\ImgRepo.Data.csproj", "{F3E91746-113C-45A1-8F49-E65FB434B5BC}"
EndProject
Project("{FAE04EC0-301F-11D3-BF4B-00C04F79EFBC}") = "ImageHelperSharp", "ImageHelperSharp\ImageHelperSharp.csproj", "{D44DABC7-D7B0-42F6-853E-C3D312549CC0}"
EndProject
Project("{8BC9CEB8-8B4A-11D0-8D11-00A0C91BC942}") = "OpenCVTest", "OpenCVTest\OpenCVTest.vcxproj", "{2090F8B5-A9BA-44BD-AB14-436776460FD5}"
EndProject
Global
	GlobalSection(SolutionConfigurationPlatforms) = preSolution
		Debug|Any CPU = Debug|Any CPU
		Debug|x64 = Debug|x64
		Debug|x86 = Debug|x86
		Release|Any CPU = Release|Any CPU
		Release|x64 = Release|x64
		Release|x86 = Release|x86
	EndGlobalSection
	GlobalSection(ProjectConfigurationPlatforms) = postSolution
		{AA29E990-B7AC-480F-BBE7-E0AE6404D393}.Debug|Any CPU.ActiveCfg = Debug|Any CPU
		{AA29E990-B7AC-480F-BBE7-E0AE6404D393}.Debug|Any CPU.Build.0 = Debug|Any CPU
		{AA29E990-B7AC-480F-BBE7-E0AE6404D393}.Debug|x64.ActiveCfg = Debug|Any CPU
		{AA29E990-B7AC-480F-BBE7-E0AE6404D393}.Debug|x64.Build.0 = Debug|Any CPU
		{AA29E990-B7AC-480F-BBE7-E0AE6404D393}.Debug|x86.ActiveCfg = Debug|Any CPU
		{AA29E990-B7AC-480F-BBE7-E0AE6404D393}.Debug|x86.Build.0 = Debug|Any CPU
		{AA29E990-B7AC-480F-BBE7-E0AE6404D393}.Release|Any CPU.ActiveCfg = Release|Any CPU
		{AA29E990-B7AC-480F-BBE7-E0AE6404D393}.Release|Any CPU.Build.0 = Release|Any CPU
		{AA29E990-B7AC-480F-BBE7-E0AE6404D393}.Release|x64.ActiveCfg = Release|Any CPU
		{AA29E990-B7AC-480F-BBE7-E0AE6404D393}.Release|x64.Build.0 = Release|Any CPU
		{AA29E990-B7AC-480F-BBE7-E0AE6404D393}.Release|x86.ActiveCfg = Release|Any CPU
		{AA29E990-B7AC-480F-BBE7-E0AE6404D393}.Release|x86.Build.0 = Release|Any CPU
		{4B6FE465-6823-4281-8051-DC4BD148F932}.Debug|Any CPU.ActiveCfg = Debug|Any CPU
		{4B6FE465-6823-4281-8051-DC4BD148F932}.Debug|Any CPU.Build.0 = Debug|Any CPU
		{4B6FE465-6823-4281-8051-DC4BD148F932}.Debug|x64.ActiveCfg = Debug|Any CPU
		{4B6FE465-6823-4281-8051-DC4BD148F932}.Debug|x64.Build.0 = Debug|Any CPU
		{4B6FE465-6823-4281-8051-DC4BD148F932}.Debug|x86.ActiveCfg = Debug|Any CPU
		{4B6FE465-6823-4281-8051-DC4BD148F932}.Debug|x86.Build.0 = Debug|Any CPU
		{4B6FE465-6823-4281-8051-DC4BD148F932}.Release|Any CPU.ActiveCfg = Release|Any CPU
		{4B6FE465-6823-4281-8051-DC4BD148F932}.Release|Any CPU.Build.0 = Release|Any CPU
		{4B6FE465-6823-4281-8051-DC4BD148F932}.Release|x64.ActiveCfg = Release|Any CPU
		{4B6FE465-6823-4281-8051-DC4BD148F932}.Release|x64.Build.0 = Release|Any CPU
		{4B6FE465-6823-4281-8051-DC4BD148F932}.Release|x86.ActiveCfg = Release|Any CPU
		{4B6FE465-6823-4281-8051-DC4BD148F932}.Release|x86.Build.0 = Release|Any CPU
		{E4F604B6-1964-424A-BD5C-EA1201814AEF}.Debug|Any CPU.ActiveCfg = Debug|Any CPU
		{E4F604B6-1964-424A-BD5C-EA1201814AEF}.Debug|Any CPU.Build.0 = Debug|Any CPU
		{E4F604B6-1964-424A-BD5C-EA1201814AEF}.Debug|x64.ActiveCfg = Debug|Any CPU
		{E4F604B6-1964-424A-BD5C-EA1201814AEF}.Debug|x64.Build.0 = Debug|Any CPU
		{E4F604B6-1964-424A-BD5C-EA1201814AEF}.Debug|x86.ActiveCfg = Debug|Any CPU
		{E4F604B6-1964-424A-BD5C-EA1201814AEF}.Debug|x86.Build.0 = Debug|Any CPU
		{E4F604B6-1964-424A-BD5C-EA1201814AEF}.Release|Any CPU.ActiveCfg = Release|Any CPU
		{E4F604B6-1964-424A-BD5C-EA1201814AEF}.Release|Any CPU.Build.0 = Release|Any CPU
		{E4F604B6-1964-424A-BD5C-EA1201814AEF}.Release|x64.ActiveCfg = Release|Any CPU
		{E4F604B6-1964-424A-BD5C-EA1201814AEF}.Release|x64.Build.0 = Release|Any CPU
		{E4F604B6-1964-424A-BD5C-EA1201814AEF}.Release|x86.ActiveCfg = Release|Any CPU
		{E4F604B6-1964-424A-BD5C-EA1201814AEF}.Release|x86.Build.0 = Release|Any CPU
		{07F10A53-DE9A-4C46-B3E2-07C2C73096BD}.Debug|Any CPU.ActiveCfg = Debug|Any CPU
		{07F10A53-DE9A-4C46-B3E2-07C2C73096BD}.Debug|Any CPU.Build.0 = Debug|Any CPU
		{07F10A53-DE9A-4C46-B3E2-07C2C73096BD}.Debug|x64.ActiveCfg = Debug|Any CPU
		{07F10A53-DE9A-4C46-B3E2-07C2C73096BD}.Debug|x64.Build.0 = Debug|Any CPU
		{07F10A53-DE9A-4C46-B3E2-07C2C73096BD}.Debug|x86.ActiveCfg = Debug|Any CPU
		{07F10A53-DE9A-4C46-B3E2-07C2C73096BD}.Debug|x86.Build.0 = Debug|Any CPU
		{07F10A53-DE9A-4C46-B3E2-07C2C73096BD}.Release|Any CPU.ActiveCfg = Release|Any CPU
		{07F10A53-DE9A-4C46-B3E2-07C2C73096BD}.Release|Any CPU.Build.0 = Release|Any CPU
		{07F10A53-DE9A-4C46-B3E2-07C2C73096BD}.Release|x64.ActiveCfg = Release|Any CPU
		{07F10A53-DE9A-4C46-B3E2-07C2C73096BD}.Release|x64.Build.0 = Release|Any CPU
		{07F10A53-DE9A-4C46-B3E2-07C2C73096BD}.Release|x86.ActiveCfg = Release|Any CPU
		{07F10A53-DE9A-4C46-B3E2-07C2C73096BD}.Release|x86.Build.0 = Release|Any CPU
		{7E4B00DF-6AB4-4E5D-8832-01A6F80F2A41}.Debug|Any CPU.ActiveCfg = Debug|Any CPU
		{7E4B00DF-6AB4-4E5D-8832-01A6F80F2A41}.Debug|Any CPU.Build.0 = Debug|Any CPU
		{7E4B00DF-6AB4-4E5D-8832-01A6F80F2A41}.Debug|x64.ActiveCfg = Debug|Any CPU
		{7E4B00DF-6AB4-4E5D-8832-01A6F80F2A41}.Debug|x64.Build.0 = Debug|Any CPU
		{7E4B00DF-6AB4-4E5D-8832-01A6F80F2A41}.Debug|x86.ActiveCfg = Debug|Any CPU
		{7E4B00DF-6AB4-4E5D-8832-01A6F80F2A41}.Debug|x86.Build.0 = Debug|Any CPU
		{7E4B00DF-6AB4-4E5D-8832-01A6F80F2A41}.Release|Any CPU.ActiveCfg = Release|Any CPU
		{7E4B00DF-6AB4-4E5D-8832-01A6F80F2A41}.Release|Any CPU.Build.0 = Release|Any CPU
		{7E4B00DF-6AB4-4E5D-8832-01A6F80F2A41}.Release|x64.ActiveCfg = Release|Any CPU
		{7E4B00DF-6AB4-4E5D-8832-01A6F80F2A41}.Release|x64.Build.0 = Release|Any CPU
		{7E4B00DF-6AB4-4E5D-8832-01A6F80F2A41}.Release|x86.ActiveCfg = Release|Any CPU
		{7E4B00DF-6AB4-4E5D-8832-01A6F80F2A41}.Release|x86.Build.0 = Release|Any CPU
		{D25DCE0B-06A1-430A-A689-6D56B363949D}.Debug|Any CPU.ActiveCfg = Debug|Any CPU
		{D25DCE0B-06A1-430A-A689-6D56B363949D}.Debug|Any CPU.Build.0 = Debug|Any CPU
		{D25DCE0B-06A1-430A-A689-6D56B363949D}.Debug|x64.ActiveCfg = Debug|Any CPU
		{D25DCE0B-06A1-430A-A689-6D56B363949D}.Debug|x64.Build.0 = Debug|Any CPU
		{D25DCE0B-06A1-430A-A689-6D56B363949D}.Debug|x86.ActiveCfg = Debug|Any CPU
		{D25DCE0B-06A1-430A-A689-6D56B363949D}.Debug|x86.Build.0 = Debug|Any CPU
		{D25DCE0B-06A1-430A-A689-6D56B363949D}.Release|Any CPU.ActiveCfg = Release|Any CPU
		{D25DCE0B-06A1-430A-A689-6D56B363949D}.Release|Any CPU.Build.0 = Release|Any CPU
		{D25DCE0B-06A1-430A-A689-6D56B363949D}.Release|x64.ActiveCfg = Release|Any CPU
		{D25DCE0B-06A1-430A-A689-6D56B363949D}.Release|x64.Build.0 = Release|Any CPU
		{D25DCE0B-06A1-430A-A689-6D56B363949D}.Release|x86.ActiveCfg = Release|Any CPU
		{D25DCE0B-06A1-430A-A689-6D56B363949D}.Release|x86.Build.0 = Release|Any CPU
		{EC202BC9-7E59-44A1-8F20-F0753D2EB817}.Debug|Any CPU.ActiveCfg = Debug|x64
		{EC202BC9-7E59-44A1-8F20-F0753D2EB817}.Debug|Any CPU.Build.0 = Debug|x64
		{EC202BC9-7E59-44A1-8F20-F0753D2EB817}.Debug|x64.ActiveCfg = Debug|x64
		{EC202BC9-7E59-44A1-8F20-F0753D2EB817}.Debug|x64.Build.0 = Debug|x64
		{EC202BC9-7E59-44A1-8F20-F0753D2EB817}.Debug|x86.ActiveCfg = Debug|Win32
		{EC202BC9-7E59-44A1-8F20-F0753D2EB817}.Debug|x86.Build.0 = Debug|Win32
		{EC202BC9-7E59-44A1-8F20-F0753D2EB817}.Release|Any CPU.ActiveCfg = Release|x64
		{EC202BC9-7E59-44A1-8F20-F0753D2EB817}.Release|Any CPU.Build.0 = Release|x64
		{EC202BC9-7E59-44A1-8F20-F0753D2EB817}.Release|x64.ActiveCfg = Release|x64
		{EC202BC9-7E59-44A1-8F20-F0753D2EB817}.Release|x64.Build.0 = Release|x64
		{EC202BC9-7E59-44A1-8F20-F0753D2EB817}.Release|x86.ActiveCfg = Release|Win32
		{EC202BC9-7E59-44A1-8F20-F0753D2EB817}.Release|x86.Build.0 = Release|Win32
		{F3E91746-113C-45A1-8F49-E65FB434B5BC}.Debug|Any CPU.ActiveCfg = Debug|Any CPU
		{F3E91746-113C-45A1-8F49-E65FB434B5BC}.Debug|Any CPU.Build.0 = Debug|Any CPU
		{F3E91746-113C-45A1-8F49-E65FB434B5BC}.Debug|x64.ActiveCfg = Debug|Any CPU
		{F3E91746-113C-45A1-8F49-E65FB434B5BC}.Debug|x64.Build.0 = Debug|Any CPU
		{F3E91746-113C-45A1-8F49-E65FB434B5BC}.Debug|x86.ActiveCfg = Debug|Any CPU
		{F3E91746-113C-45A1-8F49-E65FB434B5BC}.Debug|x86.Build.0 = Debug|Any CPU
		{F3E91746-113C-45A1-8F49-E65FB434B5BC}.Release|Any CPU.ActiveCfg = Release|Any CPU
		{F3E91746-113C-45A1-8F49-E65FB434B5BC}.Release|Any CPU.Build.0 = Release|Any CPU
		{F3E91746-113C-45A1-8F49-E65FB434B5BC}.Release|x64.ActiveCfg = Release|Any CPU
		{F3E91746-113C-45A1-8F49-E65FB434B5BC}.Release|x64.Build.0 = Release|Any CPU
		{F3E91746-113C-45A1-8F49-E65FB434B5BC}.Release|x86.ActiveCfg = Release|Any CPU
		{F3E91746-113C-45A1-8F49-E65FB434B5BC}.Release|x86.Build.0 = Release|Any CPU
		{D44DABC7-D7B0-42F6-853E-C3D312549CC0}.Debug|Any CPU.ActiveCfg = Debug|Any CPU
		{D44DABC7-D7B0-42F6-853E-C3D312549CC0}.Debug|Any CPU.Build.0 = Debug|Any CPU
		{D44DABC7-D7B0-42F6-853E-C3D312549CC0}.Debug|x64.ActiveCfg = Debug|Any CPU
		{D44DABC7-D7B0-42F6-853E-C3D312549CC0}.Debug|x64.Build.0 = Debug|Any CPU
		{D44DABC7-D7B0-42F6-853E-C3D312549CC0}.Debug|x86.ActiveCfg = Debug|Any CPU
		{D44DABC7-D7B0-42F6-853E-C3D312549CC0}.Debug|x86.Build.0 = Debug|Any CPU
		{D44DABC7-D7B0-42F6-853E-C3D312549CC0}.Release|Any CPU.ActiveCfg = Release|Any CPU
		{D44DABC7-D7B0-42F6-853E-C3D312549CC0}.Release|Any CPU.Build.0 = Release|Any CPU
		{D44DABC7-D7B0-42F6-853E-C3D312549CC0}.Release|x64.ActiveCfg = Release|Any CPU
		{D44DABC7-D7B0-42F6-853E-C3D312549CC0}.Release|x64.Build.0 = Release|Any CPU
		{D44DABC7-D7B0-42F6-853E-C3D312549CC0}.Release|x86.ActiveCfg = Release|Any CPU
		{D44DABC7-D7B0-42F6-853E-C3D312549CC0}.Release|x86.Build.0 = Release|Any CPU
		{2090F8B5-A9BA-44BD-AB14-436776460FD5}.Debug|Any CPU.ActiveCfg = Debug|x64
		{2090F8B5-A9BA-44BD-AB14-436776460FD5}.Debug|Any CPU.Build.0 = Debug|x64
		{2090F8B5-A9BA-44BD-AB14-436776460FD5}.Debug|x64.ActiveCfg = Debug|x64
		{2090F8B5-A9BA-44BD-AB14-436776460FD5}.Debug|x64.Build.0 = Debug|x64
		{2090F8B5-A9BA-44BD-AB14-436776460FD5}.Debug|x86.ActiveCfg = Debug|Win32
		{2090F8B5-A9BA-44BD-AB14-436776460FD5}.Debug|x86.Build.0 = Debug|Win32
		{2090F8B5-A9BA-44BD-AB14-436776460FD5}.Release|Any CPU.ActiveCfg = Release|x64
		{2090F8B5-A9BA-44BD-AB14-436776460FD5}.Release|Any CPU.Build.0 = Release|x64
		{2090F8B5-A9BA-44BD-AB14-436776460FD5}.Release|x64.ActiveCfg = Release|x64
		{2090F8B5-A9BA-44BD-AB14-436776460FD5}.Release|x64.Build.0 = Release|x64
		{2090F8B5-A9BA-44BD-AB14-436776460FD5}.Release|x86.ActiveCfg = Release|Win32
		{2090F8B5-A9BA-44BD-AB14-436776460FD5}.Release|x86.Build.0 = Release|Win32
	EndGlobalSection
	GlobalSection(SolutionProperties) = preSolution
		HideSolutionNode = FALSE
	EndGlobalSection
	GlobalSection(NestedProjects) = preSolution
		{AA29E990-B7AC-480F-BBE7-E0AE6404D393} = {2C2C90F6-3C82-48C5-913C-F300E887C395}
		{4B6FE465-6823-4281-8051-DC4BD148F932} = {673D2F3B-81ED-4693-A959-FA0AD60664AA}
		{E4F604B6-1964-424A-BD5C-EA1201814AEF} = {673D2F3B-81ED-4693-A959-FA0AD60664AA}
		{07F10A53-DE9A-4C46-B3E2-07C2C73096BD} = {673D2F3B-81ED-4693-A959-FA0AD60664AA}
		{7E4B00DF-6AB4-4E5D-8832-01A6F80F2A41} = {2C2C90F6-3C82-48C5-913C-F300E887C395}
		{D25DCE0B-06A1-430A-A689-6D56B363949D} = {673D2F3B-81ED-4693-A959-FA0AD60664AA}
		{EC202BC9-7E59-44A1-8F20-F0753D2EB817} = {673D2F3B-81ED-4693-A959-FA0AD60664AA}
		{F3E91746-113C-45A1-8F49-E65FB434B5BC} = {673D2F3B-81ED-4693-A959-FA0AD60664AA}
		{D44DABC7-D7B0-42F6-853E-C3D312549CC0} = {673D2F3B-81ED-4693-A959-FA0AD60664AA}
		{2090F8B5-A9BA-44BD-AB14-436776460FD5} = {673D2F3B-81ED-4693-A959-FA0AD60664AA}
	EndGlobalSection
	GlobalSection(ExtensibilityGlobals) = postSolution
		SolutionGuid = {F4E36343-CF11-4ED1-918B-8517AAF9E35E}
	EndGlobalSection
EndGlobal
